<?xml version="1.0" encoding="utf-8"?>
<Project ToolsVersion="4.0" xmlns="http://schemas.microsoft.com/developer/msbuild/2003">
  <ItemGroup>
    <ClCompile Include="comandosGUI.c">
      <Filter>Source Files</Filter>
    </ClCompile>
    <ClCompile Include="controller.c">
      <Filter>Source Files</Filter>
    </ClCompile>
    <ClCompile Include="GUI.c">
      <Filter>Source Files</Filter>
    </ClCompile>
    <ClCompile Include="prepareEnv.c">
      <Filter>Source Files</Filter>
    </ClCompile>
    <ClCompile Include="sharedMemory.c">
      <Filter>Source Files</Filter>
    </ClCompile>
    <ClCompile Include="textUI.c">
      <Filter>Source Files</Filter>
    </ClCompile>
  </ItemGroup>
  <ItemGroup>
    <ClInclude Include="controller.h">
      <Filter>Header Files</Filter>
    </ClInclude>
    <ClInclude Include="prepareEnv.h">
      <Filter>Header Files</Filter>
    </ClInclude>
    <ClInclude Include="resource.h">
      <Filter>Header Files</Filter>
    </ClInclude>
    <ClInclude Include="sharedMemory.h">
      <Filter>Header Files</Filter>
    </ClInclude>
    <ClInclude Include="textUI.h">
      <Filter>Header Files</Filter>
    </ClInclude>
  </ItemGroup>
  <ItemGroup>
    <Filter Include="Header Files">
      <UniqueIdentifier>{9c44943e-15dc-43de-8071-03d818931bee}</UniqueIdentifier>
    </Filter>
    <Filter Include="Resource Files">
      <UniqueIdentifier>{d606716e-bb29-45f9-b9a7-bac40a6ce90e}</UniqueIdentifier>
    </Filter>
    <Filter Include="Source Files">
      <UniqueIdentifier>{6689be28-1a9a-4e19-ad3b-8d67ecba9de5}</UniqueIdentifier>
    </Filter>
  </ItemGroup>
  <ItemGroup>
    <ResourceCompile Include="Controller.rc">
      <Filter>Resource Files</Filter>
    </ResourceCompile>
  </ItemGroup>
</Project>